
Microsoft Visual Studio Solution File, Format Version 12.00
# Visual Studio 15
VisualStudioVersion = 15.0.28307.1705
MinimumVisualStudioVersion = 10.0.40219.1
Project("{9A19103F-16F7-4668-BE54-9A1E7A4F7556}") = "DataAccess", "DataAccess\DataAccess.csproj", "{D76C5F24-4B2B-4C93-BB57-2534E1C9A68F}"
EndProject
Project("{9A19103F-16F7-4668-BE54-9A1E7A4F7556}") = "Business", "Business\Business.csproj", "{586DE295-7459-418C-867E-1A094EC4ABE1}"
EndProject
Project("{9A19103F-16F7-4668-BE54-9A1E7A4F7556}") = "Entities", "Entities\Entities.csproj", "{3721B341-C51D-4D27-8E9B-CE921AE261C5}"
EndProject
Project("{9A19103F-16F7-4668-BE54-9A1E7A4F7556}") = "ConsoleUI", "ConsoleUI\ConsoleUI.csproj", "{E5EEAED0-4BE9-435C-A61B-0502F0C45D8F}"
EndProject
Project("{FAE04EC0-301F-11D3-BF4B-00C04F79EFBC}") = "Core", "Core\Core.csproj", "{DEF1567E-BA3F-4D33-A406-ACE2ED52006E}"
EndProject
Global
	GlobalSection(SolutionConfigurationPlatforms) = preSolution
		Debug|Any CPU = Debug|Any CPU
		Release|Any CPU = Release|Any CPU
	EndGlobalSection
	GlobalSection(ProjectConfigurationPlatforms) = postSolution
		{D76C5F24-4B2B-4C93-BB57-2534E1C9A68F}.Debug|Any CPU.ActiveCfg = Debug|Any CPU
		{D76C5F24-4B2B-4C93-BB57-2534E1C9A68F}.Debug|Any CPU.Build.0 = Debug|Any CPU
		{D76C5F24-4B2B-4C93-BB57-2534E1C9A68F}.Release|Any CPU.ActiveCfg = Release|Any CPU
		{D76C5F24-4B2B-4C93-BB57-2534E1C9A68F}.Release|Any CPU.Build.0 = Release|Any CPU
		{586DE295-7459-418C-867E-1A094EC4ABE1}.Debug|Any CPU.ActiveCfg = Debug|Any CPU
		{586DE295-7459-418C-867E-1A094EC4ABE1}.Debug|Any CPU.Build.0 = Debug|Any CPU
		{586DE295-7459-418C-867E-1A094EC4ABE1}.Release|Any CPU.ActiveCfg = Release|Any CPU
		{586DE295-7459-418C-867E-1A094EC4ABE1}.Release|Any CPU.Build.0 = Release|Any CPU
		{3721B341-C51D-4D27-8E9B-CE921AE261C5}.Debug|Any CPU.ActiveCfg = Debug|Any CPU
		{3721B341-C51D-4D27-8E9B-CE921AE261C5}.Debug|Any CPU.Build.0 = Debug|Any CPU
		{3721B341-C51D-4D27-8E9B-CE921AE261C5}.Release|Any CPU.ActiveCfg = Release|Any CPU
		{3721B341-C51D-4D27-8E9B-CE921AE261C5}.Release|Any CPU.Build.0 = Release|Any CPU
		{E5EEAED0-4BE9-435C-A61B-0502F0C45D8F}.Debug|Any CPU.ActiveCfg = Debug|Any CPU
		{E5EEAED0-4BE9-435C-A61B-0502F0C45D8F}.Debug|Any CPU.Build.0 = Debug|Any CPU
		{E5EEAED0-4BE9-435C-A61B-0502F0C45D8F}.Release|Any CPU.ActiveCfg = Release|Any CPU
		{E5EEAED0-4BE9-435C-A61B-0502F0C45D8F}.Release|Any CPU.Build.0 = Release|Any CPU
		{DEF1567E-BA3F-4D33-A406-ACE2ED52006E}.Debug|Any CPU.ActiveCfg = Debug|Any CPU
		{DEF1567E-BA3F-4D33-A406-ACE2ED52006E}.Debug|Any CPU.Build.0 = Debug|Any CPU
		{DEF1567E-BA3F-4D33-A406-ACE2ED52006E}.Release|Any CPU.ActiveCfg = Release|Any CPU
		{DEF1567E-BA3F-4D33-A406-ACE2ED52006E}.Release|Any CPU.Build.0 = Release|Any CPU
	EndGlobalSection
	GlobalSection(SolutionProperties) = preSolution
		HideSolutionNode = FALSE
	EndGlobalSection
	GlobalSection(ExtensibilityGlobals) = postSolution
		SolutionGuid = {FB957542-5C9C-4B2B-9C41-E4FF824027F5}
	EndGlobalSection
EndGlobal
